# This file is automatically @generated by Cargo.
# It is not intended for manual editing.
version = 3

[[package]]
name = "phi-ext"
version = "0.2.0"
source = "registry+https://github.com/rust-lang/crates.io-index"
checksum = "bd02ee61c1657fc3bfde4f47b007aace0c5ce0f9016e4cff6588c9b85a0405d4"

[[package]]
name = "phi-plan"
version = "0.2.0"
dependencies = [
 "phi-ext",
]
